
Microsoft Visual Studio Solution File, Format Version 12.00
# Visual Studio Version 16
VisualStudioVersion = 16.0.31112.23
MinimumVisualStudioVersion = 10.0.40219.1
Project("{FAE04EC0-301F-11D3-BF4B-00C04F79EFBC}") = "Ejercicio1ConsoleApp", "Ejercicio1ConsoleApp\Ejercicio1ConsoleApp.csproj", "{C7D00F49-D45D-421E-A367-6776AE1BEF52}"
EndProject
Global
	GlobalSection(SolutionConfigurationPlatforms) = preSolution
		Debug|Any CPU = Debug|Any CPU
		Release|Any CPU = Release|Any CPU
	EndGlobalSection
	GlobalSection(ProjectConfigurationPlatforms) = postSolution
		{C7D00F49-D45D-421E-A367-6776AE1BEF52}.Debug|Any CPU.ActiveCfg = Debug|Any CPU
		{C7D00F49-D45D-421E-A367-6776AE1BEF52}.Debug|Any CPU.Build.0 = Debug|Any CPU
		{C7D00F49-D45D-421E-A367-6776AE1BEF52}.Release|Any CPU.ActiveCfg = Release|Any CPU
		{C7D00F49-D45D-421E-A367-6776AE1BEF52}.Release|Any CPU.Build.0 = Release|Any CPU
	EndGlobalSection
	GlobalSection(SolutionProperties) = preSolution
		HideSolutionNode = FALSE
	EndGlobalSection
	GlobalSection(ExtensibilityGlobals) = postSolution
		SolutionGuid = {66094AFC-5B93-4C82-BDBE-117121FEC194}
	EndGlobalSection
EndGlobal
